{
  "originHash" : "59fb665309614717c793ae0a58a89f94cbb47fa0c38afa587f34f6bdae2b3394",
  "pins" : [
    {
      "identity" : "abseil-cpp-binary",
      "kind" : "remoteSourceControl",
      "location" : "https://github.com/google/abseil-cpp-binary.git",
      "state" : {
        "revision" : "bbe8b69694d7873315fd3a4ad41efe043e1c07c5",
        "version" : "1.2024072200.0"
      }
    },
    {
      "identity" : "acknowlist",
      "kind" : "remoteSourceControl",
      "location" : "https://github.com/tisfeng/AcknowList",
      "state" : {
        "revision" : "6a7af0bb6ec82f77e2835b290c7e4fe950b8f7d8"
      }
    },
    {
      "identity" : "alamofire",
      "kind" : "remoteSourceControl",
      "location" : "https://github.com/Alamofire/Alamofire.git",
      "state" : {
        "revision" : "513364f870f6bfc468f9d2ff0a95caccc10044c5",
        "version" : "5.10.2"
      }
    },
    {
      "identity" : "app-check",
      "kind" : "remoteSourceControl",
      "location" : "https://github.com/google/app-check.git",
      "state" : {
        "revision" : "61b85103a1aeed8218f17c794687781505fbbef5",
        "version" : "11.2.0"
      }
    },
    {
      "identity" : "async-http-client",
      "kind" : "remoteSourceControl",
      "location" : "https://github.com/swift-server/async-http-client.git",
      "state" : {
        "revision" : "60fa3dcfc52d09ed0411e9c4bc99928bf63656bd",
        "version" : "1.24.2"
      }
    },
    {
      "identity" : "async-kit",
      "kind" : "remoteSourceControl",
      "location" : "https://github.com/vapor/async-kit.git",
      "state" : {
        "revision" : "7ece208cd401687641c88367a00e3ea2b04311f1",
        "version" : "1.19.0"
      }
    },
    {
      "identity" : "axswift",
      "kind" : "remoteSourceControl",
      "location" : "https://github.com/clavierorg/AXSwift.git",
      "state" : {
        "revision" : "191440838c70c9ceb4ccc6d81d310507b7bc8589",
        "version" : "0.3.4"
      }
    },
    {
      "identity" : "cocoalumberjack",
      "kind" : "remoteSourceControl",
      "location" : "https://github.com/CocoaLumberjack/CocoaLumberjack.git",
      "state" : {
        "revision" : "80ada1f753b0d53d9b57c465936a7c4169375002",
        "version" : "3.7.4"
      }
    },
    {
      "identity" : "console-kit",
      "kind" : "remoteSourceControl",
      "location" : "https://github.com/vapor/console-kit.git",
      "state" : {
        "revision" : "9f7932f22ab6f64aafadc14491e694179b7d0f6f",
        "version" : "4.14.3"
      }
    },
    {
      "identity" : "cryptoswift",
      "kind" : "remoteSourceControl",
      "location" : "https://github.com/krzyzanowskim/CryptoSwift",
      "state" : {
        "revision" : "678d442c6f7828def400a70ae15968aef67ef52d",
        "version" : "1.8.3"
      }
    },
    {
      "identity" : "defaults",
      "kind" : "remoteSourceControl",
      "location" : "https://github.com/sindresorhus/Defaults.git",
      "state" : {
        "revision" : "38925e3cfacf3fb89a81a35b1cd44fd5a5b7e0fa",
        "version" : "8.2.0"
      }
    },
    {
      "identity" : "firebase-ios-sdk",
      "kind" : "remoteSourceControl",
      "location" : "https://github.com/firebase/firebase-ios-sdk",
      "state" : {
        "revision" : "3663b1aa6c7a1bed67ee80fd09dc6d0f9c3bb660",
        "version" : "11.13.0"
      }
    },
    {
      "identity" : "generative-ai-swift",
      "kind" : "remoteSourceControl",
      "location" : "https://github.com/google/generative-ai-swift",
      "state" : {
        "revision" : "54784005b57c2235a7669e0c12e8dafa68f0ca5f",
        "version" : "0.5.4"
      }
    },
    {
      "identity" : "googleappmeasurement",
      "kind" : "remoteSourceControl",
      "location" : "https://github.com/google/GoogleAppMeasurement.git",
      "state" : {
        "revision" : "543071966b3fb6613a2fc5c6e7112d1e998184a7",
        "version" : "11.13.0"
      }
    },
    {
      "identity" : "googledatatransport",
      "kind" : "remoteSourceControl",
      "location" : "https://github.com/google/GoogleDataTransport.git",
      "state" : {
        "revision" : "617af071af9aa1d6a091d59a202910ac482128f9",
        "version" : "10.1.0"
      }
    },
    {
      "identity" : "googleutilities",
      "kind" : "remoteSourceControl",
      "location" : "https://github.com/google/GoogleUtilities.git",
      "state" : {
        "revision" : "60da361632d0de02786f709bdc0c4df340f7613e",
        "version" : "8.1.0"
      }
    },
    {
      "identity" : "grpc-binary",
      "kind" : "remoteSourceControl",
      "location" : "https://github.com/google/grpc-binary.git",
      "state" : {
        "revision" : "cc0001a0cf963aa40501d9c2b181e7fc9fd8ec71",
        "version" : "1.69.0"
      }
    },
    {
      "identity" : "gtm-session-fetcher",
      "kind" : "remoteSourceControl",
      "location" : "https://github.com/google/gtm-session-fetcher.git",
      "state" : {
        "revision" : "c756a29784521063b6a1202907e2cc47f41b667c",
        "version" : "4.5.0"
      }
    },
    {
      "identity" : "hue",
      "kind" : "remoteSourceControl",
      "location" : "https://github.com/zenangst/Hue",
      "state" : {
        "revision" : "b9d920cee4ba795fefb828d130744eee1e3d2feb",
        "version" : "5.0.1"
      }
    },
    {
      "identity" : "interop-ios-for-google-sdks",
      "kind" : "remoteSourceControl",
      "location" : "https://github.com/google/interop-ios-for-google-sdks.git",
      "state" : {
        "revision" : "040d087ac2267d2ddd4cca36c757d1c6a05fdbfe",
        "version" : "101.0.0"
      }
    },
    {
      "identity" : "keyholder",
      "kind" : "remoteSourceControl",
      "location" : "https://github.com/Clipy/KeyHolder.git",
      "state" : {
        "revision" : "5da0ee06fd8709f7d812504bff1555462a3f6956",
        "version" : "4.2.0"
      }
    },
    {
      "identity" : "keysender",
      "kind" : "remoteSourceControl",
      "location" : "https://github.com/jordanbaird/KeySender",
      "state" : {
        "revision" : "99584bf1a03ab600cc44be89a2dcd98b2dbeb9de",
        "version" : "0.0.5"
      }
    },
    {
      "identity" : "launchatlogin-modern",
      "kind" : "remoteSourceControl",
      "location" : "https://github.com/sindresorhus/LaunchAtLogin-Modern",
      "state" : {
        "revision" : "a04ec1c363be3627734f6dad757d82f5d4fa8fcc",
        "version" : "1.1.0"
      }
    },
    {
      "identity" : "leveldb",
      "kind" : "remoteSourceControl",
      "location" : "https://github.com/firebase/leveldb.git",
      "state" : {
        "revision" : "9d108e9112aa1d65ce508facf804674546116d9c",
        "version" : "1.22.3"
      }
    },
    {
      "identity" : "magnet",
      "kind" : "remoteSourceControl",
      "location" : "https://github.com/Clipy/Magnet",
      "state" : {
        "revision" : "26d672a031fd33eac94887b4e19aca0ab4761f45",
        "version" : "3.4.0"
      }
    },
    {
      "identity" : "mjextension",
      "kind" : "remoteSourceControl",
      "location" : "https://github.com/CoderMJLee/MJExtension",
      "state" : {
        "revision" : "43dce6be9c91a7034d37ed171b3e60a7bb760857",
        "version" : "3.4.1"
      }
    },
    {
      "identity" : "multipart-kit",
      "kind" : "remoteSourceControl",
      "location" : "https://github.com/vapor/multipart-kit.git",
      "state" : {
        "revision" : "a31236f24bfd2ea2f520a74575881f6731d7ae68",
        "version" : "4.7.0"
      }
    },
    {
      "identity" : "nanopb",
      "kind" : "remoteSourceControl",
      "location" : "https://github.com/firebase/nanopb.git",
      "state" : {
        "revision" : "b7e1104502eca3a213b46303391ca4d3bc8ddec1",
        "version" : "2.30910.0"
      }
    },
    {
      "identity" : "openai",
      "kind" : "remoteSourceControl",
      "location" : "https://github.com/tisfeng/OpenAI",
      "state" : {
        "revision" : "ebfb671f5b6eeb65e666016a3ede942b928c17a7"
      }
    },
    {
      "identity" : "promises",
      "kind" : "remoteSourceControl",
      "location" : "https://github.com/google/promises.git",
      "state" : {
        "revision" : "540318ecedd63d883069ae7f1ed811a2df00b6ac",
        "version" : "2.4.0"
      }
    },
    {
      "identity" : "routing-kit",
      "kind" : "remoteSourceControl",
      "location" : "https://github.com/vapor/routing-kit.git",
      "state" : {
        "revision" : "8c9a227476555c55837e569be71944e02a056b72",
        "version" : "4.9.1"
      }
    },
    {
      "identity" : "sauce",
      "kind" : "remoteSourceControl",
      "location" : "https://github.com/Clipy/Sauce",
      "state" : {
        "revision" : "8f8fabaa8509c1a653d6c2c3c87396a4c493d876",
        "version" : "2.4.0"
      }
    },
    {
      "identity" : "selectedtextkit",
      "kind" : "remoteSourceControl",
      "location" : "https://github.com/tisfeng/SelectedTextKit.git",
      "state" : {
        "branch" : "main",
        "revision" : "03353c2e80eccbd72b7834c21532d3a510a5dc8e"
      }
    },
    {
      "identity" : "sentry-cocoa",
      "kind" : "remoteSourceControl",
      "location" : "https://github.com/getsentry/sentry-cocoa/",
      "state" : {
        "revision" : "0c34e4da899a1dd9183db04082d1ceb6e9c2b301",
        "version" : "8.44.0"
      }
    },
    {
      "identity" : "settingsaccess",
      "kind" : "remoteSourceControl",
      "location" : "https://github.com/orchetect/SettingsAccess",
      "state" : {
        "revision" : "0fd73c8b5892e88acb13adb7f36a4ba9293a0061",
        "version" : "1.4.0"
      }
    },
    {
      "identity" : "sfsafesymbols",
      "kind" : "remoteSourceControl",
      "location" : "https://github.com/SFSafeSymbols/SFSafeSymbols",
      "state" : {
        "revision" : "e2e28f4e56e1769c2ec3c61c9355fc64eb7a535a",
        "version" : "5.3.0"
      }
    },
    {
      "identity" : "snapkit",
      "kind" : "remoteSourceControl",
      "location" : "https://github.com/SnapKit/SnapKit",
      "state" : {
        "revision" : "f222cbdf325885926566172f6f5f06af95473158",
        "version" : "5.6.0"
      }
    },
    {
      "identity" : "sparkle",
      "kind" : "remoteSourceControl",
      "location" : "https://github.com/sparkle-project/Sparkle",
      "state" : {
        "revision" : "0ef1ee0220239b3776f433314515fd849025673f",
        "version" : "2.6.4"
      }
    },
    {
      "identity" : "swift-algorithms",
      "kind" : "remoteSourceControl",
      "location" : "https://github.com/apple/swift-algorithms.git",
      "state" : {
        "revision" : "f6919dfc309e7f1b56224378b11e28bab5bccc42",
        "version" : "1.2.0"
      }
    },
    {
      "identity" : "swift-async-algorithms",
      "kind" : "remoteSourceControl",
      "location" : "https://github.com/apple/swift-async-algorithms",
      "state" : {
        "revision" : "4c3ea81f81f0a25d0470188459c6d4bf20cf2f97",
        "version" : "1.0.3"
      }
    },
    {
      "identity" : "swift-atomics",
      "kind" : "remoteSourceControl",
      "location" : "https://github.com/apple/swift-atomics.git",
      "state" : {
        "revision" : "cd142fd2f64be2100422d658e7411e39489da985",
        "version" : "1.2.0"
      }
    },
    {
      "identity" : "swift-collections",
      "kind" : "remoteSourceControl",
      "location" : "https://github.com/apple/swift-collections.git",
      "state" : {
        "revision" : "3d2dc41a01f9e49d84f0a3925fb858bed64f702d",
        "version" : "1.1.2"
      }
    },
    {
      "identity" : "swift-crypto",
      "kind" : "remoteSourceControl",
      "location" : "https://github.com/apple/swift-crypto.git",
      "state" : {
        "revision" : "46072478ca365fe48370993833cb22de9b41567f",
        "version" : "3.5.2"
      }
    },
    {
      "identity" : "swift-distributed-tracing",
      "kind" : "remoteSourceControl",
      "location" : "https://github.com/apple/swift-distributed-tracing.git",
      "state" : {
        "revision" : "a64a0abc2530f767af15dd88dda7f64d5f1ff9de",
        "version" : "1.2.0"
      }
    },
    {
      "identity" : "swift-http-types",
      "kind" : "remoteSourceControl",
      "location" : "https://github.com/apple/swift-http-types",
      "state" : {
        "revision" : "1ddbea1ee34354a6a2532c60f98501c35ae8edfa",
        "version" : "1.2.0"
      }
    },
    {
      "identity" : "swift-log",
      "kind" : "remoteSourceControl",
      "location" : "https://github.com/apple/swift-log.git",
      "state" : {
        "revision" : "532d8b529501fb73a2455b179e0bbb6d49b652ed",
        "version" : "1.5.3"
      }
    },
    {
      "identity" : "swift-metrics",
      "kind" : "remoteSourceControl",
      "location" : "https://github.com/apple/swift-metrics.git",
      "state" : {
        "revision" : "e0165b53d49b413dd987526b641e05e246782685",
        "version" : "2.5.0"
      }
    },
    {
      "identity" : "swift-nio",
      "kind" : "remoteSourceControl",
      "location" : "https://github.com/apple/swift-nio.git",
      "state" : {
        "revision" : "1c30f0f2053b654e3d1302492124aa6d242cdba7",
        "version" : "2.86.0"
      }
    },
    {
      "identity" : "swift-nio-extras",
      "kind" : "remoteSourceControl",
      "location" : "https://github.com/apple/swift-nio-extras.git",
      "state" : {
        "revision" : "2e9746cfc57554f70b650b021b6ae4738abef3e6",
        "version" : "1.24.1"
      }
    },
    {
      "identity" : "swift-nio-http2",
      "kind" : "remoteSourceControl",
      "location" : "https://github.com/apple/swift-nio-http2.git",
      "state" : {
        "revision" : "a0224f3d20438635dd59c9fcc593520d80d131d0",
        "version" : "1.33.0"
      }
    },
    {
      "identity" : "swift-nio-ssl",
      "kind" : "remoteSourceControl",
      "location" : "https://github.com/apple/swift-nio-ssl.git",
      "state" : {
        "revision" : "0cc3528ff48129d64ab9cab0b1cd621634edfc6b",
        "version" : "2.29.3"
      }
    },
    {
      "identity" : "swift-nio-transport-services",
      "kind" : "remoteSourceControl",
      "location" : "https://github.com/apple/swift-nio-transport-services.git",
      "state" : {
        "revision" : "38ac8221dd20674682148d6451367f89c2652980",
        "version" : "1.21.0"
      }
    },
    {
      "identity" : "swift-numerics",
      "kind" : "remoteSourceControl",
      "location" : "https://github.com/apple/swift-numerics.git",
      "state" : {
        "revision" : "0a5bc04095a675662cf24757cc0640aa2204253b",
        "version" : "1.0.2"
      }
    },
    {
      "identity" : "swift-protobuf",
      "kind" : "remoteSourceControl",
      "location" : "https://github.com/apple/swift-protobuf.git",
      "state" : {
        "revision" : "65e8f29b2d63c4e38e736b25c27b83e012159be8",
        "version" : "1.25.2"
      }
    },
    {
      "identity" : "swift-service-context",
      "kind" : "remoteSourceControl",
      "location" : "https://github.com/apple/swift-service-context.git",
      "state" : {
        "revision" : "8946c930cae601452149e45d31d8ddfac973c3c7",
        "version" : "1.2.0"
      }
    },
    {
      "identity" : "swift-subprocess",
      "kind" : "remoteSourceControl",
      "location" : "https://github.com/swiftlang/swift-subprocess.git",
      "state" : {
        "branch" : "main",
        "revision" : "44be5d56aa4b26dc2003a67c0288a6a68366a87d"
      }
    },
    {
      "identity" : "swift-system",
      "kind" : "remoteSourceControl",
      "location" : "https://github.com/apple/swift-system.git",
      "state" : {
        "revision" : "61e4ca4b81b9e09e2ec863b00c340eb13497dac6",
        "version" : "1.5.0"
      }
    },
    {
      "identity" : "vapor",
      "kind" : "remoteSourceControl",
      "location" : "https://github.com/vapor/vapor.git",
      "state" : {
        "revision" : "3636f443474769147828a5863e81a31f6f30e92c",
        "version" : "4.115.1"
      }
    },
    {
      "identity" : "websocket-kit",
      "kind" : "remoteSourceControl",
      "location" : "https://github.com/vapor/websocket-kit.git",
      "state" : {
        "revision" : "4232d34efa49f633ba61afde365d3896fc7f8740",
        "version" : "2.15.0"
      }
    },
    {
      "identity" : "ziparchive",
      "kind" : "remoteSourceControl",
      "location" : "https://github.com/ZipArchive/ZipArchive.git",
      "state" : {
        "revision" : "79d4dc9729096c6ad83dd3cee2b9f354d1b4ab7b",
        "version" : "2.5.5"
      }
    }
  ],
  "version" : 3
}
