{
  "pins" : [
    {
      "identity" : "abseil-cpp-binary",
      "kind" : "remoteSourceControl",
      "location" : "https://github.com/google/abseil-cpp-binary.git",
      "state" : {
        "revision" : "bfc0b6f81adc06ce5121eb23f628473638d67c5c",
        "version" : "1.2022062300.0"
      }
    },
    {
      "identity" : "alamofire",
      "kind" : "remoteSourceControl",
      "location" : "https://github.com/Alamofire/Alamofire",
      "state" : {
        "revision" : "3dc6a42c7727c49bf26508e29b0a0b35f9c7e1ad",
        "version" : "5.8.1"
      }
    },
    {
      "identity" : "app-check",
      "kind" : "remoteSourceControl",
      "location" : "https://github.com/google/app-check.git",
      "state" : {
        "revision" : "5746b2d35c91c50581590ed97abe4c06b5037274",
        "version" : "10.18.0"
      }
    },
    {
      "identity" : "appcenter-sdk-apple",
      "kind" : "remoteSourceControl",
      "location" : "https://github.com/microsoft/appcenter-sdk-apple.git",
      "state" : {
        "revision" : "1120c26835925f8314d035127c580bc71689c620",
        "version" : "5.0.4"
      }
    },
    {
      "identity" : "cocoalumberjack",
      "kind" : "remoteSourceControl",
      "location" : "https://github.com/CocoaLumberjack/CocoaLumberjack.git",
      "state" : {
        "revision" : "80ada1f753b0d53d9b57c465936a7c4169375002",
        "version" : "3.7.4"
      }
    },
    {
      "identity" : "cryptoswift",
      "kind" : "remoteSourceControl",
      "location" : "https://github.com/krzyzanowskim/CryptoSwift",
      "state" : {
        "revision" : "db51c407d3be4a051484a141bf0bff36c43d3b1e",
        "version" : "1.8.0"
      }
    },
    {
      "identity" : "firebase-ios-sdk",
      "kind" : "remoteSourceControl",
      "location" : "https://github.com/firebase/firebase-ios-sdk",
      "state" : {
        "revision" : "c60c958e707c50a9cf8bcb7cfd7d51c566d726c5",
        "version" : "10.19.1"
      }
    },
    {
      "identity" : "googleappmeasurement",
      "kind" : "remoteSourceControl",
      "location" : "https://github.com/google/GoogleAppMeasurement.git",
      "state" : {
        "revision" : "6b332152355c372ace9966d8ee76ed191f97025e",
        "version" : "10.17.0"
      }
    },
    {
      "identity" : "googledatatransport",
      "kind" : "remoteSourceControl",
      "location" : "https://github.com/google/GoogleDataTransport.git",
      "state" : {
        "revision" : "a732a4b47f59e4f725a2ea10f0c77e93a7131117",
        "version" : "9.3.0"
      }
    },
    {
      "identity" : "googleutilities",
      "kind" : "remoteSourceControl",
      "location" : "https://github.com/google/GoogleUtilities.git",
      "state" : {
        "revision" : "bc27fad73504f3d4af235de451f02ee22586ebd3",
        "version" : "7.12.1"
      }
    },
    {
      "identity" : "grpc-binary",
      "kind" : "remoteSourceControl",
      "location" : "https://github.com/google/grpc-binary.git",
      "state" : {
        "revision" : "a673bc2937fbe886dd1f99c401b01b6d977a9c98",
        "version" : "1.49.1"
      }
    },
    {
      "identity" : "gtm-session-fetcher",
      "kind" : "remoteSourceControl",
      "location" : "https://github.com/google/gtm-session-fetcher.git",
      "state" : {
        "revision" : "115f75e43851774934d695449a4836123c3246e1",
        "version" : "3.2.0"
      }
    },
    {
      "identity" : "hue",
      "kind" : "remoteSourceControl",
      "location" : "https://github.com/zenangst/Hue",
      "state" : {
        "revision" : "b9d920cee4ba795fefb828d130744eee1e3d2feb",
        "version" : "5.0.1"
      }
    },
    {
      "identity" : "interop-ios-for-google-sdks",
      "kind" : "remoteSourceControl",
      "location" : "https://github.com/google/interop-ios-for-google-sdks.git",
      "state" : {
        "revision" : "2d12673670417654f08f5f90fdd62926dc3a2648",
        "version" : "100.0.0"
      }
    },
    {
      "identity" : "leveldb",
      "kind" : "remoteSourceControl",
      "location" : "https://github.com/firebase/leveldb.git",
      "state" : {
        "revision" : "9d108e9112aa1d65ce508facf804674546116d9c",
        "version" : "1.22.3"
      }
    },
    {
      "identity" : "mjextension",
      "kind" : "remoteSourceControl",
      "location" : "https://github.com/CoderMJLee/MJExtension",
      "state" : {
        "revision" : "43dce6be9c91a7034d37ed171b3e60a7bb760857",
        "version" : "3.4.1"
      }
    },
    {
      "identity" : "nanopb",
      "kind" : "remoteSourceControl",
      "location" : "https://github.com/firebase/nanopb.git",
      "state" : {
        "revision" : "819d0a2173aff699fb8c364b6fb906f7cdb1a692",
        "version" : "2.30909.0"
      }
    },
    {
      "identity" : "plcrashreporter",
      "kind" : "remoteSourceControl",
      "location" : "https://github.com/microsoft/PLCrashReporter.git",
      "state" : {
        "revision" : "1aed8f7dc79ce8e674c61e430ef51ca3db18cea9",
        "version" : "1.11.1"
      }
    },
    {
      "identity" : "promises",
      "kind" : "remoteSourceControl",
      "location" : "https://github.com/google/promises.git",
      "state" : {
        "revision" : "e70e889c0196c76d22759eb50d6a0270ca9f1d9e",
        "version" : "2.3.1"
      }
    },
    {
      "identity" : "realm-core",
      "kind" : "remoteSourceControl",
      "location" : "https://github.com/realm/realm-core.git",
      "state" : {
        "revision" : "7227d6a447821c28895daa099b6c7cd4c99d461b",
        "version" : "13.25.1"
      }
    },
    {
      "identity" : "realm-swift",
      "kind" : "remoteSourceControl",
      "location" : "https://github.com/realm/realm-swift.git",
      "state" : {
        "revision" : "569c656a8494ad03d790fd1075338c1da92d495a",
        "version" : "10.45.2"
      }
    },
    {
      "identity" : "snapkit",
      "kind" : "remoteSourceControl",
      "location" : "https://github.com/SnapKit/SnapKit",
      "state" : {
        "revision" : "f222cbdf325885926566172f6f5f06af95473158",
        "version" : "5.6.0"
      }
    },
    {
      "identity" : "sparkle",
      "kind" : "remoteSourceControl",
      "location" : "https://github.com/sparkle-project/Sparkle",
      "state" : {
        "revision" : "47d3d90aee3c52b6f61d04ceae426e607df62347",
        "version" : "2.5.2"
      }
    },
    {
      "identity" : "swift-log",
      "kind" : "remoteSourceControl",
      "location" : "https://github.com/apple/swift-log.git",
      "state" : {
        "revision" : "532d8b529501fb73a2455b179e0bbb6d49b652ed",
        "version" : "1.5.3"
      }
    },
    {
      "identity" : "swift-protobuf",
      "kind" : "remoteSourceControl",
      "location" : "https://github.com/apple/swift-protobuf.git",
      "state" : {
        "revision" : "65e8f29b2d63c4e38e736b25c27b83e012159be8",
        "version" : "1.25.2"
      }
    },
    {
      "identity" : "swiftshell",
      "kind" : "remoteSourceControl",
      "location" : "https://github.com/kareman/SwiftShell",
      "state" : {
        "revision" : "99680b2efc7c7dbcace1da0b3979d266f02e213c",
        "version" : "5.1.0"
      }
    },
    {
      "identity" : "ziparchive",
      "kind" : "remoteSourceControl",
      "location" : "https://github.com/ZipArchive/ZipArchive.git",
      "state" : {
        "revision" : "79d4dc9729096c6ad83dd3cee2b9f354d1b4ab7b",
        "version" : "2.5.5"
      }
    }
  ],
  "version" : 2
}
