{
  "object": {
    "pins": [
      {
        "package": "Alamofire",
        "repositoryURL": "https://github.com/Alamofire/Alamofire",
        "state": {
          "branch": null,
          "revision": "becd9a729a37bdbef5bc39dc3c702b99f9e3d046",
          "version": "5.2.2"
        }
      }
    ]
  },
  "version": 1
}
