PODS:
  - JLRoutes (2.1)
  - Masonry (1.1.0)
  - ReactiveObjC (3.1.1)

DEPENDENCIES:
  - JLRoutes (~> 2.1)
  - Masonry (~> 1.1.0)
  - ReactiveObjC (~> 3.1.1)

SPEC REPOS:
  https://github.com/CocoaPods/Specs.git:
    - JLRoutes
    - Masonry
    - ReactiveObjC

SPEC CHECKSUMS:
  JLRoutes: d755245322b94227662ea3e43492fdca94e05c5b
  Masonry: 678fab65091a9290e40e2832a55e7ab731aad201
  ReactiveObjC: 011caa393aa0383245f2dcf9bf02e86b80b36040

PODFILE CHECKSUM: 4ea3ca0a49b764fcadcb2252737761365eb67782

COCOAPODS: 1.16.2
