{
  "object": {
    "pins": [
      {
        "package": "SwiftFormat",
        "repositoryURL": "https://github.com/nicklockwood/SwiftFormat",
        "state": {
          "branch": null,
          "revision": "22a472ced4c621a0e41b982a6f32dec868d09392",
          "version": "0.59.1"
        }
      }
    ]
  },
  "version": 1
}
