{
  "object": {
    "pins": [
      {
        "package": "SwiftFormat",
        "repositoryURL": "https://github.com/nicklockwood/SwiftFormat",
        "state": {
          "branch": null,
          "revision": "0256422f1a5e967c68dc923f1905c0a155dca188",
          "version": "0.63.0"
        }
      }
    ]
  },
  "version": 1
}
